
Microsoft Visual Studio Solution File, Format Version 12.00
# Visual Studio 15
VisualStudioVersion = 15.0.28307.329
MinimumVisualStudioVersion = 10.0.40219.1
Project("{9A19103F-16F7-4668-BE54-9A1E7A4F7556}") = "TimeFromSeconds-CLI", "TimeFromSeconds\TimeFromSeconds-CLI.csproj", "{FCAB94B4-992C-4B2D-8C87-6C4DAFE3196A}"
EndProject
Global
	GlobalSection(SolutionConfigurationPlatforms) = preSolution
		Debug|Any CPU = Debug|Any CPU
		Release|Any CPU = Release|Any CPU
	EndGlobalSection
	GlobalSection(ProjectConfigurationPlatforms) = postSolution
		{FCAB94B4-992C-4B2D-8C87-6C4DAFE3196A}.Debug|Any CPU.ActiveCfg = Debug|Any CPU
		{FCAB94B4-992C-4B2D-8C87-6C4DAFE3196A}.Debug|Any CPU.Build.0 = Debug|Any CPU
		{FCAB94B4-992C-4B2D-8C87-6C4DAFE3196A}.Release|Any CPU.ActiveCfg = Release|Any CPU
		{FCAB94B4-992C-4B2D-8C87-6C4DAFE3196A}.Release|Any CPU.Build.0 = Release|Any CPU
	EndGlobalSection
	GlobalSection(SolutionProperties) = preSolution
		HideSolutionNode = FALSE
	EndGlobalSection
	GlobalSection(ExtensibilityGlobals) = postSolution
		SolutionGuid = {E3B5F13C-B6CC-453B-9794-C0BC7BB5DD9D}
	EndGlobalSection
EndGlobal
